
Microsoft Visual Studio Solution File, Format Version 12.00
# Visual Studio Version 17
VisualStudioVersion = 17.13.35507.96
MinimumVisualStudioVersion = 10.0.40219.1
Project("{9A19103F-16F7-4668-BE54-9A1E7A4F7556}") = "Capgemini", "Capgemini\Capgemini.csproj", "{54D23804-F957-49E0-8770-BD0F5ECF5AA3}"
EndProject
Project("{9A19103F-16F7-4668-BE54-9A1E7A4F7556}") = "CapDomain", "CapDomain\CapDomain.csproj", "{230D762F-64F9-445E-8284-A2BF2AF5C0DD}"
EndProject
Project("{9A19103F-16F7-4668-BE54-9A1E7A4F7556}") = "CapPersistence", "CapPersistence\CapPersistence.csproj", "{EA053B8F-55EB-4877-ADDC-06DEF9E14AB5}"
EndProject
Project("{9A19103F-16F7-4668-BE54-9A1E7A4F7556}") = "CapAPI", "CapAPI\CapAPI.csproj", "{E91D9FD4-723F-42F5-AC35-37012F94ABE9}"
EndProject
Global
	GlobalSection(SolutionConfigurationPlatforms) = preSolution
		Debug|Any CPU = Debug|Any CPU
		Release|Any CPU = Release|Any CPU
	EndGlobalSection
	GlobalSection(ProjectConfigurationPlatforms) = postSolution
		{54D23804-F957-49E0-8770-BD0F5ECF5AA3}.Debug|Any CPU.ActiveCfg = Debug|Any CPU
		{54D23804-F957-49E0-8770-BD0F5ECF5AA3}.Debug|Any CPU.Build.0 = Debug|Any CPU
		{54D23804-F957-49E0-8770-BD0F5ECF5AA3}.Release|Any CPU.ActiveCfg = Release|Any CPU
		{54D23804-F957-49E0-8770-BD0F5ECF5AA3}.Release|Any CPU.Build.0 = Release|Any CPU
		{230D762F-64F9-445E-8284-A2BF2AF5C0DD}.Debug|Any CPU.ActiveCfg = Debug|Any CPU
		{230D762F-64F9-445E-8284-A2BF2AF5C0DD}.Debug|Any CPU.Build.0 = Debug|Any CPU
		{230D762F-64F9-445E-8284-A2BF2AF5C0DD}.Release|Any CPU.ActiveCfg = Release|Any CPU
		{230D762F-64F9-445E-8284-A2BF2AF5C0DD}.Release|Any CPU.Build.0 = Release|Any CPU
		{EA053B8F-55EB-4877-ADDC-06DEF9E14AB5}.Debug|Any CPU.ActiveCfg = Debug|Any CPU
		{EA053B8F-55EB-4877-ADDC-06DEF9E14AB5}.Debug|Any CPU.Build.0 = Debug|Any CPU
		{EA053B8F-55EB-4877-ADDC-06DEF9E14AB5}.Release|Any CPU.ActiveCfg = Release|Any CPU
		{EA053B8F-55EB-4877-ADDC-06DEF9E14AB5}.Release|Any CPU.Build.0 = Release|Any CPU
		{E91D9FD4-723F-42F5-AC35-37012F94ABE9}.Debug|Any CPU.ActiveCfg = Debug|Any CPU
		{E91D9FD4-723F-42F5-AC35-37012F94ABE9}.Debug|Any CPU.Build.0 = Debug|Any CPU
		{E91D9FD4-723F-42F5-AC35-37012F94ABE9}.Release|Any CPU.ActiveCfg = Release|Any CPU
		{E91D9FD4-723F-42F5-AC35-37012F94ABE9}.Release|Any CPU.Build.0 = Release|Any CPU
	EndGlobalSection
	GlobalSection(SolutionProperties) = preSolution
		HideSolutionNode = FALSE
	EndGlobalSection
	GlobalSection(ExtensibilityGlobals) = postSolution
		SolutionGuid = {42C54AC8-CFBC-41C5-B1D0-2485E1CE5FCC}
	EndGlobalSection
EndGlobal
